
Microsoft Visual Studio Solution File, Format Version 12.00
# Visual Studio Version 16
VisualStudioVersion = 16.0.33529.622
MinimumVisualStudioVersion = 10.0.40219.1
Project("{FAE04EC0-301F-11D3-BF4B-00C04F79EFBC}") = "ParcialCalderon1", "ParcialCalderon1\ParcialCalderon1.csproj", "{3F40D124-687E-4F5D-93A0-35FB0B8EEA62}"
EndProject
Global
	GlobalSection(SolutionConfigurationPlatforms) = preSolution
		Debug|Any CPU = Debug|Any CPU
		Release|Any CPU = Release|Any CPU
	EndGlobalSection
	GlobalSection(ProjectConfigurationPlatforms) = postSolution
		{3F40D124-687E-4F5D-93A0-35FB0B8EEA62}.Debug|Any CPU.ActiveCfg = Debug|Any CPU
		{3F40D124-687E-4F5D-93A0-35FB0B8EEA62}.Debug|Any CPU.Build.0 = Debug|Any CPU
		{3F40D124-687E-4F5D-93A0-35FB0B8EEA62}.Release|Any CPU.ActiveCfg = Release|Any CPU
		{3F40D124-687E-4F5D-93A0-35FB0B8EEA62}.Release|Any CPU.Build.0 = Release|Any CPU
	EndGlobalSection
	GlobalSection(SolutionProperties) = preSolution
		HideSolutionNode = FALSE
	EndGlobalSection
	GlobalSection(ExtensibilityGlobals) = postSolution
		SolutionGuid = {46CE4416-1A6E-44C5-B099-0E2C4D55C9C7}
	EndGlobalSection
EndGlobal
